// !$*UTF8*$!
{
	archiveVersion = 1;
	classes = {
	};
	objectVersion = 56;
	objects = {

/* Begin PBXBuildFile section */
		2A25E2322C4C9F78001FCAFD /* CAGradientLayer+Extension.swift in Sources */ = {isa = PBXBuildFile; fileRef = 2A25E2312C4C9F78001FCAFD /* CAGradientLayer+Extension.swift */; };
		2A25E2342C4D1A13001FCAFD /* BackgroundView.swift in Sources */ = {isa = PBXBuildFile; fileRef = 2A25E2332C4D1A13001FCAFD /* BackgroundView.swift */; };
		2A42183E2C4F95CD00F8D453 /* RainParticle.sks in Resources */ = {isa = PBXBuildFile; fileRef = 2A42183C2C4F95CD00F8D453 /* RainParticle.sks */; };
		2A4218422C4FD90C00F8D453 /* SnowSceneController.swift in Sources */ = {isa = PBXBuildFile; fileRef = 2A4218412C4FD90C00F8D453 /* SnowSceneController.swift */; };
		2A4218452C4FF23B00F8D453 /* SnowParticle.sks in Resources */ = {isa = PBXBuildFile; fileRef = 2A4218432C4FF23B00F8D453 /* SnowParticle.sks */; };
		2A4218462C4FF23B00F8D453 /* Assets.xcassets in Resources */ = {isa = PBXBuildFile; fileRef = 2A4218442C4FF23B00F8D453 /* Assets.xcassets */; };
		2A88450F2C504E5C009313D6 /* BokehParticle.sks in Resources */ = {isa = PBXBuildFile; fileRef = 2A88450D2C504E5C009313D6 /* BokehParticle.sks */; };
		2AE026B52C4E8BFE002227FC /* RainSceneController.swift in Sources */ = {isa = PBXBuildFile; fileRef = 2AE026B42C4E8BFE002227FC /* RainSceneController.swift */; };
		2AE026BB2C4EA8C2002227FC /* SunnySceneController.swift in Sources */ = {isa = PBXBuildFile; fileRef = 2AE026BA2C4EA8C2002227FC /* SunnySceneController.swift */; };
		2AE026C62C4EC99A002227FC /* ConfigurableView.swift in Sources */ = {isa = PBXBuildFile; fileRef = 2AE026C52C4EC99A002227FC /* ConfigurableView.swift */; };
		2AE026C92C4ECB55002227FC /* Weather.swift in Sources */ = {isa = PBXBuildFile; fileRef = 2AE026C82C4ECB55002227FC /* Weather.swift */; };
		2AE026CB2C4ECBB9002227FC /* WeatherConditions.swift in Sources */ = {isa = PBXBuildFile; fileRef = 2AE026CA2C4ECBB9002227FC /* WeatherConditions.swift */; };
		2AE026CD2C4ECC5D002227FC /* WeatherCollectionViewController+DataSource.swift in Sources */ = {isa = PBXBuildFile; fileRef = 2AE026CC2C4ECC5D002227FC /* WeatherCollectionViewController+DataSource.swift */; };
		2AE026CF2C4ECCC5002227FC /* WeatherCollectionViewController+Layout.swift in Sources */ = {isa = PBXBuildFile; fileRef = 2AE026CE2C4ECCC5002227FC /* WeatherCollectionViewController+Layout.swift */; };
		2AE026D12C4ECE97002227FC /* UIView+Extensions.swift in Sources */ = {isa = PBXBuildFile; fileRef = 2AE026D02C4ECE97002227FC /* UIView+Extensions.swift */; };
		2AE026D52C4ED93E002227FC /* Animatable.swift in Sources */ = {isa = PBXBuildFile; fileRef = 2AE026D42C4ED93E002227FC /* Animatable.swift */; };
		2AE42E8B2C48D8D900251651 /* AppDelegate.swift in Sources */ = {isa = PBXBuildFile; fileRef = 2AE42E8A2C48D8D900251651 /* AppDelegate.swift */; };
		2AE42E8D2C48D8D900251651 /* SceneDelegate.swift in Sources */ = {isa = PBXBuildFile; fileRef = 2AE42E8C2C48D8D900251651 /* SceneDelegate.swift */; };
		2AE42E8F2C48D8D900251651 /* WeatherCollectionViewController.swift in Sources */ = {isa = PBXBuildFile; fileRef = 2AE42E8E2C48D8D900251651 /* WeatherCollectionViewController.swift */; };
		2AE42E942C48D8DA00251651 /* Assets.xcassets in Resources */ = {isa = PBXBuildFile; fileRef = 2AE42E932C48D8DA00251651 /* Assets.xcassets */; };
		2AE42E972C48D8DA00251651 /* LaunchScreen.storyboard in Resources */ = {isa = PBXBuildFile; fileRef = 2AE42E952C48D8DA00251651 /* LaunchScreen.storyboard */; };
		2AE42E9F2C495BE500251651 /* WeatherConditionCollectionViewCell.swift in Sources */ = {isa = PBXBuildFile; fileRef = 2AE42E9E2C495BE500251651 /* WeatherConditionCollectionViewCell.swift */; };
/* End PBXBuildFile section */

/* Begin PBXFileReference section */
		2A25E2312C4C9F78001FCAFD /* CAGradientLayer+Extension.swift */ = {isa = PBXFileReference; lastKnownFileType = sourcecode.swift; path = "CAGradientLayer+Extension.swift"; sourceTree = "<group>"; };
		2A25E2332C4D1A13001FCAFD /* BackgroundView.swift */ = {isa = PBXFileReference; lastKnownFileType = sourcecode.swift; path = BackgroundView.swift; sourceTree = "<group>"; };
		2A42183C2C4F95CD00F8D453 /* RainParticle.sks */ = {isa = PBXFileReference; lastKnownFileType = file.sks; path = RainParticle.sks; sourceTree = "<group>"; };
		2A4218412C4FD90C00F8D453 /* SnowSceneController.swift */ = {isa = PBXFileReference; lastKnownFileType = sourcecode.swift; path = SnowSceneController.swift; sourceTree = "<group>"; };
		2A4218432C4FF23B00F8D453 /* SnowParticle.sks */ = {isa = PBXFileReference; lastKnownFileType = file.sks; path = SnowParticle.sks; sourceTree = "<group>"; };
		2A4218442C4FF23B00F8D453 /* Assets.xcassets */ = {isa = PBXFileReference; lastKnownFileType = folder.assetcatalog; path = Assets.xcassets; sourceTree = "<group>"; };
		2A88450D2C504E5C009313D6 /* BokehParticle.sks */ = {isa = PBXFileReference; lastKnownFileType = file.sks; path = BokehParticle.sks; sourceTree = "<group>"; };
		2AE026B42C4E8BFE002227FC /* RainSceneController.swift */ = {isa = PBXFileReference; lastKnownFileType = sourcecode.swift; path = RainSceneController.swift; sourceTree = "<group>"; };
		2AE026BA2C4EA8C2002227FC /* SunnySceneController.swift */ = {isa = PBXFileReference; lastKnownFileType = sourcecode.swift; path = SunnySceneController.swift; sourceTree = "<group>"; };
		2AE026C52C4EC99A002227FC /* ConfigurableView.swift */ = {isa = PBXFileReference; lastKnownFileType = sourcecode.swift; path = ConfigurableView.swift; sourceTree = "<group>"; };
		2AE026C82C4ECB55002227FC /* Weather.swift */ = {isa = PBXFileReference; lastKnownFileType = sourcecode.swift; path = Weather.swift; sourceTree = "<group>"; };
		2AE026CA2C4ECBB9002227FC /* WeatherConditions.swift */ = {isa = PBXFileReference; lastKnownFileType = sourcecode.swift; path = WeatherConditions.swift; sourceTree = "<group>"; };
		2AE026CC2C4ECC5D002227FC /* WeatherCollectionViewController+DataSource.swift */ = {isa = PBXFileReference; lastKnownFileType = sourcecode.swift; path = "WeatherCollectionViewController+DataSource.swift"; sourceTree = "<group>"; };
		2AE026CE2C4ECCC5002227FC /* WeatherCollectionViewController+Layout.swift */ = {isa = PBXFileReference; lastKnownFileType = sourcecode.swift; path = "WeatherCollectionViewController+Layout.swift"; sourceTree = "<group>"; };
		2AE026D02C4ECE97002227FC /* UIView+Extensions.swift */ = {isa = PBXFileReference; lastKnownFileType = sourcecode.swift; path = "UIView+Extensions.swift"; sourceTree = "<group>"; };
		2AE026D42C4ED93E002227FC /* Animatable.swift */ = {isa = PBXFileReference; lastKnownFileType = sourcecode.swift; path = Animatable.swift; sourceTree = "<group>"; };
		2AE42E872C48D8D900251651 /* WeatherAnimation.app */ = {isa = PBXFileReference; explicitFileType = wrapper.application; includeInIndex = 0; path = WeatherAnimation.app; sourceTree = BUILT_PRODUCTS_DIR; };
		2AE42E8A2C48D8D900251651 /* AppDelegate.swift */ = {isa = PBXFileReference; lastKnownFileType = sourcecode.swift; path = AppDelegate.swift; sourceTree = "<group>"; };
		2AE42E8C2C48D8D900251651 /* SceneDelegate.swift */ = {isa = PBXFileReference; lastKnownFileType = sourcecode.swift; path = SceneDelegate.swift; sourceTree = "<group>"; };
		2AE42E8E2C48D8D900251651 /* WeatherCollectionViewController.swift */ = {isa = PBXFileReference; lastKnownFileType = sourcecode.swift; path = WeatherCollectionViewController.swift; sourceTree = "<group>"; };
		2AE42E932C48D8DA00251651 /* Assets.xcassets */ = {isa = PBXFileReference; lastKnownFileType = folder.assetcatalog; path = Assets.xcassets; sourceTree = "<group>"; };
		2AE42E962C48D8DA00251651 /* Base */ = {isa = PBXFileReference; lastKnownFileType = file.storyboard; name = Base; path = Base.lproj/LaunchScreen.storyboard; sourceTree = "<group>"; };
		2AE42E982C48D8DA00251651 /* Info.plist */ = {isa = PBXFileReference; lastKnownFileType = text.plist.xml; path = Info.plist; sourceTree = "<group>"; };
		2AE42E9E2C495BE500251651 /* WeatherConditionCollectionViewCell.swift */ = {isa = PBXFileReference; lastKnownFileType = sourcecode.swift; path = WeatherConditionCollectionViewCell.swift; sourceTree = "<group>"; };
/* End PBXFileReference section */

/* Begin PBXFrameworksBuildPhase section */
		2AE42E842C48D8D900251651 /* Frameworks */ = {
			isa = PBXFrameworksBuildPhase;
			buildActionMask = 2147483647;
			files = (
			);
			runOnlyForDeploymentPostprocessing = 0;
		};
/* End PBXFrameworksBuildPhase section */

/* Begin PBXGroup section */
		2A4218402C4FD8CF00F8D453 /* SnowScene */ = {
			isa = PBXGroup;
			children = (
				2A4218412C4FD90C00F8D453 /* SnowSceneController.swift */,
				2A4218432C4FF23B00F8D453 /* SnowParticle.sks */,
				2A4218442C4FF23B00F8D453 /* Assets.xcassets */,
			);
			path = SnowScene;
			sourceTree = "<group>";
		};
		2A8845082C504DCC009313D6 /* FogScene */ = {
			isa = PBXGroup;
			children = (
			);
			path = FogScene;
			sourceTree = "<group>";
		};
		2AE026B12C4E8AC6002227FC /* Scenes */ = {
			isa = PBXGroup;
			children = (
				2A8845082C504DCC009313D6 /* FogScene */,
				2AE026BD2C4EC841002227FC /* SunnyScene */,
				2A4218402C4FD8CF00F8D453 /* SnowScene */,
				2AE026BC2C4EC82C002227FC /* RainScene */,
			);
			path = Scenes;
			sourceTree = "<group>";
		};
		2AE026BC2C4EC82C002227FC /* RainScene */ = {
			isa = PBXGroup;
			children = (
				2AE026B42C4E8BFE002227FC /* RainSceneController.swift */,
				2A42183C2C4F95CD00F8D453 /* RainParticle.sks */,
			);
			path = RainScene;
			sourceTree = "<group>";
		};
		2AE026BD2C4EC841002227FC /* SunnyScene */ = {
			isa = PBXGroup;
			children = (
				2AE026BA2C4EA8C2002227FC /* SunnySceneController.swift */,
				2A88450D2C504E5C009313D6 /* BokehParticle.sks */,
			);
			path = SunnyScene;
			sourceTree = "<group>";
		};
		2AE026BE2C4EC852002227FC /* Helpers */ = {
			isa = PBXGroup;
			children = (
			);
			path = Helpers;
			sourceTree = "<group>";
		};
		2AE026BF2C4EC85D002227FC /* Extensions */ = {
			isa = PBXGroup;
			children = (
				2A25E2312C4C9F78001FCAFD /* CAGradientLayer+Extension.swift */,
				2AE026D02C4ECE97002227FC /* UIView+Extensions.swift */,
			);
			path = Extensions;
			sourceTree = "<group>";
		};
		2AE026C02C4EC8E4002227FC /* SupportingFiles */ = {
			isa = PBXGroup;
			children = (
				2AE42E932C48D8DA00251651 /* Assets.xcassets */,
				2AE42E982C48D8DA00251651 /* Info.plist */,
			);
			path = SupportingFiles;
			sourceTree = "<group>";
		};
		2AE026C12C4EC90A002227FC /* Bootstrap */ = {
			isa = PBXGroup;
			children = (
				2AE42E8A2C48D8D900251651 /* AppDelegate.swift */,
				2AE42E8C2C48D8D900251651 /* SceneDelegate.swift */,
				2AE42E952C48D8DA00251651 /* LaunchScreen.storyboard */,
			);
			path = Bootstrap;
			sourceTree = "<group>";
		};
		2AE026C22C4EC94C002227FC /* Controllers */ = {
			isa = PBXGroup;
			children = (
				2A25E2332C4D1A13001FCAFD /* BackgroundView.swift */,
				2AE026C32C4EC956002227FC /* WeatherController */,
			);
			path = Controllers;
			sourceTree = "<group>";
		};
		2AE026C32C4EC956002227FC /* WeatherController */ = {
			isa = PBXGroup;
			children = (
				2AE42E8E2C48D8D900251651 /* WeatherCollectionViewController.swift */,
				2AE026CC2C4ECC5D002227FC /* WeatherCollectionViewController+DataSource.swift */,
				2AE026CE2C4ECCC5002227FC /* WeatherCollectionViewController+Layout.swift */,
				2AE42E9E2C495BE500251651 /* WeatherConditionCollectionViewCell.swift */,
			);
			path = WeatherController;
			sourceTree = "<group>";
		};
		2AE026C42C4EC97C002227FC /* Protocols */ = {
			isa = PBXGroup;
			children = (
				2AE026C52C4EC99A002227FC /* ConfigurableView.swift */,
				2AE026D42C4ED93E002227FC /* Animatable.swift */,
			);
			path = Protocols;
			sourceTree = "<group>";
		};
		2AE026C72C4ECB4D002227FC /* Models */ = {
			isa = PBXGroup;
			children = (
				2AE026C82C4ECB55002227FC /* Weather.swift */,
				2AE026CA2C4ECBB9002227FC /* WeatherConditions.swift */,
			);
			path = Models;
			sourceTree = "<group>";
		};
		2AE42E7E2C48D8D900251651 = {
			isa = PBXGroup;
			children = (
				2AE42E892C48D8D900251651 /* WeatherAnimation */,
				2AE42E882C48D8D900251651 /* Products */,
			);
			sourceTree = "<group>";
		};
		2AE42E882C48D8D900251651 /* Products */ = {
			isa = PBXGroup;
			children = (
				2AE42E872C48D8D900251651 /* WeatherAnimation.app */,
			);
			name = Products;
			sourceTree = "<group>";
		};
		2AE42E892C48D8D900251651 /* WeatherAnimation */ = {
			isa = PBXGroup;
			children = (
				2AE026C22C4EC94C002227FC /* Controllers */,
				2AE026B12C4E8AC6002227FC /* Scenes */,
				2AE026C72C4ECB4D002227FC /* Models */,
				2AE026C42C4EC97C002227FC /* Protocols */,
				2AE026BF2C4EC85D002227FC /* Extensions */,
				2AE026BE2C4EC852002227FC /* Helpers */,
				2AE026C12C4EC90A002227FC /* Bootstrap */,
				2AE026C02C4EC8E4002227FC /* SupportingFiles */,
			);
			path = WeatherAnimation;
			sourceTree = "<group>";
		};
/* End PBXGroup section */

/* Begin PBXNativeTarget section */
		2AE42E862C48D8D900251651 /* WeatherAnimation */ = {
			isa = PBXNativeTarget;
			buildConfigurationList = 2AE42E9B2C48D8DA00251651 /* Build configuration list for PBXNativeTarget "WeatherAnimation" */;
			buildPhases = (
				2AE42E832C48D8D900251651 /* Sources */,
				2AE42E842C48D8D900251651 /* Frameworks */,
				2AE42E852C48D8D900251651 /* Resources */,
			);
			buildRules = (
			);
			dependencies = (
			);
			name = WeatherAnimation;
			productName = WeatherAnimation;
			productReference = 2AE42E872C48D8D900251651 /* WeatherAnimation.app */;
			productType = "com.apple.product-type.application";
		};
/* End PBXNativeTarget section */

/* Begin PBXProject section */
		2AE42E7F2C48D8D900251651 /* Project object */ = {
			isa = PBXProject;
			attributes = {
				BuildIndependentTargetsInParallel = 1;
				LastSwiftUpdateCheck = 1500;
				LastUpgradeCheck = 1500;
				TargetAttributes = {
					2AE42E862C48D8D900251651 = {
						CreatedOnToolsVersion = 15.0;
					};
				};
			};
			buildConfigurationList = 2AE42E822C48D8D900251651 /* Build configuration list for PBXProject "WeatherAnimation" */;
			compatibilityVersion = "Xcode 14.0";
			developmentRegion = en;
			hasScannedForEncodings = 0;
			knownRegions = (
				en,
				Base,
			);
			mainGroup = 2AE42E7E2C48D8D900251651;
			productRefGroup = 2AE42E882C48D8D900251651 /* Products */;
			projectDirPath = "";
			projectRoot = "";
			targets = (
				2AE42E862C48D8D900251651 /* WeatherAnimation */,
			);
		};
/* End PBXProject section */

/* Begin PBXResourcesBuildPhase section */
		2AE42E852C48D8D900251651 /* Resources */ = {
			isa = PBXResourcesBuildPhase;
			buildActionMask = 2147483647;
			files = (
				2AE42E972C48D8DA00251651 /* LaunchScreen.storyboard in Resources */,
				2A88450F2C504E5C009313D6 /* BokehParticle.sks in Resources */,
				2AE42E942C48D8DA00251651 /* Assets.xcassets in Resources */,
				2A42183E2C4F95CD00F8D453 /* RainParticle.sks in Resources */,
				2A4218462C4FF23B00F8D453 /* Assets.xcassets in Resources */,
				2A4218452C4FF23B00F8D453 /* SnowParticle.sks in Resources */,
			);
			runOnlyForDeploymentPostprocessing = 0;
		};
/* End PBXResourcesBuildPhase section */

/* Begin PBXSourcesBuildPhase section */
		2AE42E832C48D8D900251651 /* Sources */ = {
			isa = PBXSourcesBuildPhase;
			buildActionMask = 2147483647;
			files = (
				2AE026D12C4ECE97002227FC /* UIView+Extensions.swift in Sources */,
				2AE026CD2C4ECC5D002227FC /* WeatherCollectionViewController+DataSource.swift in Sources */,
				2A25E2342C4D1A13001FCAFD /* BackgroundView.swift in Sources */,
				2AE42E8F2C48D8D900251651 /* WeatherCollectionViewController.swift in Sources */,
				2AE42E9F2C495BE500251651 /* WeatherConditionCollectionViewCell.swift in Sources */,
				2AE026CB2C4ECBB9002227FC /* WeatherConditions.swift in Sources */,
				2A4218422C4FD90C00F8D453 /* SnowSceneController.swift in Sources */,
				2AE026CF2C4ECCC5002227FC /* WeatherCollectionViewController+Layout.swift in Sources */,
				2AE026C62C4EC99A002227FC /* ConfigurableView.swift in Sources */,
				2AE026D52C4ED93E002227FC /* Animatable.swift in Sources */,
				2AE026C92C4ECB55002227FC /* Weather.swift in Sources */,
				2AE026B52C4E8BFE002227FC /* RainSceneController.swift in Sources */,
				2AE42E8B2C48D8D900251651 /* AppDelegate.swift in Sources */,
				2AE42E8D2C48D8D900251651 /* SceneDelegate.swift in Sources */,
				2A25E2322C4C9F78001FCAFD /* CAGradientLayer+Extension.swift in Sources */,
				2AE026BB2C4EA8C2002227FC /* SunnySceneController.swift in Sources */,
			);
			runOnlyForDeploymentPostprocessing = 0;
		};
/* End PBXSourcesBuildPhase section */

/* Begin PBXVariantGroup section */
		2AE42E952C48D8DA00251651 /* LaunchScreen.storyboard */ = {
			isa = PBXVariantGroup;
			children = (
				2AE42E962C48D8DA00251651 /* Base */,
			);
			name = LaunchScreen.storyboard;
			sourceTree = "<group>";
		};
/* End PBXVariantGroup section */

/* Begin XCBuildConfiguration section */
		2AE42E992C48D8DA00251651 /* Debug */ = {
			isa = XCBuildConfiguration;
			buildSettings = {
				ALWAYS_SEARCH_USER_PATHS = NO;
				ASSETCATALOG_COMPILER_GENERATE_SWIFT_ASSET_SYMBOL_EXTENSIONS = YES;
				CLANG_ANALYZER_NONNULL = YES;
				CLANG_ANALYZER_NUMBER_OBJECT_CONVERSION = YES_AGGRESSIVE;
				CLANG_CXX_LANGUAGE_STANDARD = "gnu++20";
				CLANG_ENABLE_MODULES = YES;
				CLANG_ENABLE_OBJC_ARC = YES;
				CLANG_ENABLE_OBJC_WEAK = YES;
				CLANG_WARN_BLOCK_CAPTURE_AUTORELEASING = YES;
				CLANG_WARN_BOOL_CONVERSION = YES;
				CLANG_WARN_COMMA = YES;
				CLANG_WARN_CONSTANT_CONVERSION = YES;
				CLANG_WARN_DEPRECATED_OBJC_IMPLEMENTATIONS = YES;
				CLANG_WARN_DIRECT_OBJC_ISA_USAGE = YES_ERROR;
				CLANG_WARN_DOCUMENTATION_COMMENTS = YES;
				CLANG_WARN_EMPTY_BODY = YES;
				CLANG_WARN_ENUM_CONVERSION = YES;
				CLANG_WARN_INFINITE_RECURSION = YES;
				CLANG_WARN_INT_CONVERSION = YES;
				CLANG_WARN_NON_LITERAL_NULL_CONVERSION = YES;
				CLANG_WARN_OBJC_IMPLICIT_RETAIN_SELF = YES;
				CLANG_WARN_OBJC_LITERAL_CONVERSION = YES;
				CLANG_WARN_OBJC_ROOT_CLASS = YES_ERROR;
				CLANG_WARN_QUOTED_INCLUDE_IN_FRAMEWORK_HEADER = YES;
				CLANG_WARN_RANGE_LOOP_ANALYSIS = YES;
				CLANG_WARN_STRICT_PROTOTYPES = YES;
				CLANG_WARN_SUSPICIOUS_MOVE = YES;
				CLANG_WARN_UNGUARDED_AVAILABILITY = YES_AGGRESSIVE;
				CLANG_WARN_UNREACHABLE_CODE = YES;
				CLANG_WARN__DUPLICATE_METHOD_MATCH = YES;
				COPY_PHASE_STRIP = NO;
				DEBUG_INFORMATION_FORMAT = dwarf;
				ENABLE_STRICT_OBJC_MSGSEND = YES;
				ENABLE_TESTABILITY = YES;
				ENABLE_USER_SCRIPT_SANDBOXING = YES;
				GCC_C_LANGUAGE_STANDARD = gnu17;
				GCC_DYNAMIC_NO_PIC = NO;
				GCC_NO_COMMON_BLOCKS = YES;
				GCC_OPTIMIZATION_LEVEL = 0;
				GCC_PREPROCESSOR_DEFINITIONS = (
					"DEBUG=1",
					"$(inherited)",
				);
				GCC_WARN_64_TO_32_BIT_CONVERSION = YES;
				GCC_WARN_ABOUT_RETURN_TYPE = YES_ERROR;
				GCC_WARN_UNDECLARED_SELECTOR = YES;
				GCC_WARN_UNINITIALIZED_AUTOS = YES_AGGRESSIVE;
				GCC_WARN_UNUSED_FUNCTION = YES;
				GCC_WARN_UNUSED_VARIABLE = YES;
				IPHONEOS_DEPLOYMENT_TARGET = 17.0;
				LOCALIZATION_PREFERS_STRING_CATALOGS = YES;
				MTL_ENABLE_DEBUG_INFO = INCLUDE_SOURCE;
				MTL_FAST_MATH = YES;
				ONLY_ACTIVE_ARCH = YES;
				SDKROOT = iphoneos;
				SWIFT_ACTIVE_COMPILATION_CONDITIONS = "DEBUG $(inherited)";
				SWIFT_OPTIMIZATION_LEVEL = "-Onone";
			};
			name = Debug;
		};
		2AE42E9A2C48D8DA00251651 /* Release */ = {
			isa = XCBuildConfiguration;
			buildSettings = {
				ALWAYS_SEARCH_USER_PATHS = NO;
				ASSETCATALOG_COMPILER_GENERATE_SWIFT_ASSET_SYMBOL_EXTENSIONS = YES;
				CLANG_ANALYZER_NONNULL = YES;
				CLANG_ANALYZER_NUMBER_OBJECT_CONVERSION = YES_AGGRESSIVE;
				CLANG_CXX_LANGUAGE_STANDARD = "gnu++20";
				CLANG_ENABLE_MODULES = YES;
				CLANG_ENABLE_OBJC_ARC = YES;
				CLANG_ENABLE_OBJC_WEAK = YES;
				CLANG_WARN_BLOCK_CAPTURE_AUTORELEASING = YES;
				CLANG_WARN_BOOL_CONVERSION = YES;
				CLANG_WARN_COMMA = YES;
				CLANG_WARN_CONSTANT_CONVERSION = YES;
				CLANG_WARN_DEPRECATED_OBJC_IMPLEMENTATIONS = YES;
				CLANG_WARN_DIRECT_OBJC_ISA_USAGE = YES_ERROR;
				CLANG_WARN_DOCUMENTATION_COMMENTS = YES;
				CLANG_WARN_EMPTY_BODY = YES;
				CLANG_WARN_ENUM_CONVERSION = YES;
				CLANG_WARN_INFINITE_RECURSION = YES;
				CLANG_WARN_INT_CONVERSION = YES;
				CLANG_WARN_NON_LITERAL_NULL_CONVERSION = YES;
				CLANG_WARN_OBJC_IMPLICIT_RETAIN_SELF = YES;
				CLANG_WARN_OBJC_LITERAL_CONVERSION = YES;
				CLANG_WARN_OBJC_ROOT_CLASS = YES_ERROR;
				CLANG_WARN_QUOTED_INCLUDE_IN_FRAMEWORK_HEADER = YES;
				CLANG_WARN_RANGE_LOOP_ANALYSIS = YES;
				CLANG_WARN_STRICT_PROTOTYPES = YES;
				CLANG_WARN_SUSPICIOUS_MOVE = YES;
				CLANG_WARN_UNGUARDED_AVAILABILITY = YES_AGGRESSIVE;
				CLANG_WARN_UNREACHABLE_CODE = YES;
				CLANG_WARN__DUPLICATE_METHOD_MATCH = YES;
				COPY_PHASE_STRIP = NO;
				DEBUG_INFORMATION_FORMAT = "dwarf-with-dsym";
				ENABLE_NS_ASSERTIONS = NO;
				ENABLE_STRICT_OBJC_MSGSEND = YES;
				ENABLE_USER_SCRIPT_SANDBOXING = YES;
				GCC_C_LANGUAGE_STANDARD = gnu17;
				GCC_NO_COMMON_BLOCKS = YES;
				GCC_WARN_64_TO_32_BIT_CONVERSION = YES;
				GCC_WARN_ABOUT_RETURN_TYPE = YES_ERROR;
				GCC_WARN_UNDECLARED_SELECTOR = YES;
				GCC_WARN_UNINITIALIZED_AUTOS = YES_AGGRESSIVE;
				GCC_WARN_UNUSED_FUNCTION = YES;
				GCC_WARN_UNUSED_VARIABLE = YES;
				IPHONEOS_DEPLOYMENT_TARGET = 17.0;
				LOCALIZATION_PREFERS_STRING_CATALOGS = YES;
				MTL_ENABLE_DEBUG_INFO = NO;
				MTL_FAST_MATH = YES;
				SDKROOT = iphoneos;
				SWIFT_COMPILATION_MODE = wholemodule;
				VALIDATE_PRODUCT = YES;
			};
			name = Release;
		};
		2AE42E9C2C48D8DA00251651 /* Debug */ = {
			isa = XCBuildConfiguration;
			buildSettings = {
				ASSETCATALOG_COMPILER_APPICON_NAME = AppIcon;
				ASSETCATALOG_COMPILER_GLOBAL_ACCENT_COLOR_NAME = AccentColor;
				CODE_SIGN_STYLE = Automatic;
				CURRENT_PROJECT_VERSION = 1;
				DEVELOPMENT_TEAM = H94WDCFCK6;
				GENERATE_INFOPLIST_FILE = YES;
				INFOPLIST_FILE = WeatherAnimation/SupportingFiles/Info.plist;
				INFOPLIST_KEY_UIApplicationSupportsIndirectInputEvents = YES;
				INFOPLIST_KEY_UILaunchStoryboardName = LaunchScreen;
				INFOPLIST_KEY_UISupportedInterfaceOrientations_iPad = "UIInterfaceOrientationPortrait UIInterfaceOrientationPortraitUpsideDown UIInterfaceOrientationLandscapeLeft UIInterfaceOrientationLandscapeRight";
				INFOPLIST_KEY_UISupportedInterfaceOrientations_iPhone = "UIInterfaceOrientationPortrait UIInterfaceOrientationLandscapeLeft UIInterfaceOrientationLandscapeRight";
				LD_RUNPATH_SEARCH_PATHS = (
					"$(inherited)",
					"@executable_path/Frameworks",
				);
				MARKETING_VERSION = 1.0;
				PRODUCT_BUNDLE_IDENTIFIER = com.alekseev.oleg.WeatherAnimation;
				PRODUCT_NAME = "$(TARGET_NAME)";
				SUPPORTED_PLATFORMS = "iphoneos iphonesimulator";
				SUPPORTS_MACCATALYST = NO;
				SUPPORTS_MAC_DESIGNED_FOR_IPHONE_IPAD = NO;
				SWIFT_EMIT_LOC_STRINGS = YES;
				SWIFT_VERSION = 5.0;
				TARGETED_DEVICE_FAMILY = 1;
			};
			name = Debug;
		};
		2AE42E9D2C48D8DA00251651 /* Release */ = {
			isa = XCBuildConfiguration;
			buildSettings = {
				ASSETCATALOG_COMPILER_APPICON_NAME = AppIcon;
				ASSETCATALOG_COMPILER_GLOBAL_ACCENT_COLOR_NAME = AccentColor;
				CODE_SIGN_STYLE = Automatic;
				CURRENT_PROJECT_VERSION = 1;
				DEVELOPMENT_TEAM = H94WDCFCK6;
				GENERATE_INFOPLIST_FILE = YES;
				INFOPLIST_FILE = WeatherAnimation/SupportingFiles/Info.plist;
				INFOPLIST_KEY_UIApplicationSupportsIndirectInputEvents = YES;
				INFOPLIST_KEY_UILaunchStoryboardName = LaunchScreen;
				INFOPLIST_KEY_UISupportedInterfaceOrientations_iPad = "UIInterfaceOrientationPortrait UIInterfaceOrientationPortraitUpsideDown UIInterfaceOrientationLandscapeLeft UIInterfaceOrientationLandscapeRight";
				INFOPLIST_KEY_UISupportedInterfaceOrientations_iPhone = "UIInterfaceOrientationPortrait UIInterfaceOrientationLandscapeLeft UIInterfaceOrientationLandscapeRight";
				LD_RUNPATH_SEARCH_PATHS = (
					"$(inherited)",
					"@executable_path/Frameworks",
				);
				MARKETING_VERSION = 1.0;
				PRODUCT_BUNDLE_IDENTIFIER = com.alekseev.oleg.WeatherAnimation;
				PRODUCT_NAME = "$(TARGET_NAME)";
				SUPPORTED_PLATFORMS = "iphoneos iphonesimulator";
				SUPPORTS_MACCATALYST = NO;
				SUPPORTS_MAC_DESIGNED_FOR_IPHONE_IPAD = NO;
				SWIFT_EMIT_LOC_STRINGS = YES;
				SWIFT_VERSION = 5.0;
				TARGETED_DEVICE_FAMILY = 1;
			};
			name = Release;
		};
/* End XCBuildConfiguration section */

/* Begin XCConfigurationList section */
		2AE42E822C48D8D900251651 /* Build configuration list for PBXProject "WeatherAnimation" */ = {
			isa = XCConfigurationList;
			buildConfigurations = (
				2AE42E992C48D8DA00251651 /* Debug */,
				2AE42E9A2C48D8DA00251651 /* Release */,
			);
			defaultConfigurationIsVisible = 0;
			defaultConfigurationName = Release;
		};
		2AE42E9B2C48D8DA00251651 /* Build configuration list for PBXNativeTarget "WeatherAnimation" */ = {
			isa = XCConfigurationList;
			buildConfigurations = (
				2AE42E9C2C48D8DA00251651 /* Debug */,
				2AE42E9D2C48D8DA00251651 /* Release */,
			);
			defaultConfigurationIsVisible = 0;
			defaultConfigurationName = Release;
		};
/* End XCConfigurationList section */
	};
	rootObject = 2AE42E7F2C48D8D900251651 /* Project object */;
}
